
Microsoft Visual Studio Solution File, Format Version 12.00
# Visual Studio Version 16
VisualStudioVersion = 16.0.30204.135
MinimumVisualStudioVersion = 10.0.40219.1
Project("{778DAE3C-4631-46EA-AA77-85C1314464D9}") = "report", "report\report.vbproj", "{9E4D0061-7451-4D43-ABAA-77C4CB6A1AB8}"
EndProject
Project("{778DAE3C-4631-46EA-AA77-85C1314464D9}") = "renderer.pdf", "renderer.pdf\renderer.pdf.vbproj", "{2131A2BF-5AF0-4AEF-A133-9522FBF8650C}"
EndProject
Project("{778DAE3C-4631-46EA-AA77-85C1314464D9}") = "json", "json\json.vbproj", "{F53683F4-A06F-443C-BAE7-45102AF61152}"
EndProject
Project("{9A19103F-16F7-4668-BE54-9A1E7A4F7556}") = "test", "test\test.csproj", "{E98399BD-13EB-4B6F-AD8B-AB4F9F68E3AD}"
EndProject
Project("{F184B08F-C81C-45F6-A57F-5ABD9991F28F}") = "renderer.gdi", "renderer.gdi\renderer.gdi.vbproj", "{6538265F-66A1-42DC-ACAF-64D7BDB5F2BC}"
EndProject
Global
	GlobalSection(SolutionConfigurationPlatforms) = preSolution
		Debug|Any CPU = Debug|Any CPU
		Release|Any CPU = Release|Any CPU
	EndGlobalSection
	GlobalSection(ProjectConfigurationPlatforms) = postSolution
		{9E4D0061-7451-4D43-ABAA-77C4CB6A1AB8}.Debug|Any CPU.ActiveCfg = Debug|Any CPU
		{9E4D0061-7451-4D43-ABAA-77C4CB6A1AB8}.Debug|Any CPU.Build.0 = Debug|Any CPU
		{9E4D0061-7451-4D43-ABAA-77C4CB6A1AB8}.Release|Any CPU.ActiveCfg = Release|Any CPU
		{9E4D0061-7451-4D43-ABAA-77C4CB6A1AB8}.Release|Any CPU.Build.0 = Release|Any CPU
		{2131A2BF-5AF0-4AEF-A133-9522FBF8650C}.Debug|Any CPU.ActiveCfg = Debug|Any CPU
		{2131A2BF-5AF0-4AEF-A133-9522FBF8650C}.Debug|Any CPU.Build.0 = Debug|Any CPU
		{2131A2BF-5AF0-4AEF-A133-9522FBF8650C}.Release|Any CPU.ActiveCfg = Release|Any CPU
		{2131A2BF-5AF0-4AEF-A133-9522FBF8650C}.Release|Any CPU.Build.0 = Release|Any CPU
		{F53683F4-A06F-443C-BAE7-45102AF61152}.Debug|Any CPU.ActiveCfg = Debug|Any CPU
		{F53683F4-A06F-443C-BAE7-45102AF61152}.Debug|Any CPU.Build.0 = Debug|Any CPU
		{F53683F4-A06F-443C-BAE7-45102AF61152}.Release|Any CPU.ActiveCfg = Release|Any CPU
		{F53683F4-A06F-443C-BAE7-45102AF61152}.Release|Any CPU.Build.0 = Release|Any CPU
		{E98399BD-13EB-4B6F-AD8B-AB4F9F68E3AD}.Debug|Any CPU.ActiveCfg = Debug|Any CPU
		{E98399BD-13EB-4B6F-AD8B-AB4F9F68E3AD}.Debug|Any CPU.Build.0 = Debug|Any CPU
		{E98399BD-13EB-4B6F-AD8B-AB4F9F68E3AD}.Release|Any CPU.ActiveCfg = Release|Any CPU
		{E98399BD-13EB-4B6F-AD8B-AB4F9F68E3AD}.Release|Any CPU.Build.0 = Release|Any CPU
		{6538265F-66A1-42DC-ACAF-64D7BDB5F2BC}.Debug|Any CPU.ActiveCfg = Debug|Any CPU
		{6538265F-66A1-42DC-ACAF-64D7BDB5F2BC}.Debug|Any CPU.Build.0 = Debug|Any CPU
		{6538265F-66A1-42DC-ACAF-64D7BDB5F2BC}.Release|Any CPU.ActiveCfg = Release|Any CPU
		{6538265F-66A1-42DC-ACAF-64D7BDB5F2BC}.Release|Any CPU.Build.0 = Release|Any CPU
	EndGlobalSection
	GlobalSection(SolutionProperties) = preSolution
		HideSolutionNode = FALSE
	EndGlobalSection
	GlobalSection(ExtensibilityGlobals) = postSolution
		SolutionGuid = {9486C62E-1AE9-4C3A-9C72-8C5A4962905A}
	EndGlobalSection
EndGlobal
